
Microsoft Visual Studio Solution File, Format Version 12.00
# Visual Studio Version 16
VisualStudioVersion = 16.0.29509.3
MinimumVisualStudioVersion = 10.0.40219.1
Project("{9A19103F-16F7-4668-BE54-9A1E7A4F7556}") = "Persona4GoldenHelper", "Persona4GoldenHelper\Persona4GoldenHelper.csproj", "{D1D45D4D-ED88-41DB-85A4-D091E46900EB}"
	ProjectSection(ProjectDependencies) = postProject
		{02F814CB-CB55-43AF-BC24-1E7F55DE70F2} = {02F814CB-CB55-43AF-BC24-1E7F55DE70F2}
	EndProjectSection
EndProject
Project("{9A19103F-16F7-4668-BE54-9A1E7A4F7556}") = "Persona4GoldenHelper.Data", "Persona4GoldenHelper.Data\Persona4GoldenHelper.Data.csproj", "{02F814CB-CB55-43AF-BC24-1E7F55DE70F2}"
EndProject
Project("{9A19103F-16F7-4668-BE54-9A1E7A4F7556}") = "Persona4GoldenHelper.Service", "Persona4GoldenHelper.Service\Persona4GoldenHelper.Service.csproj", "{7C2A707C-70A6-47EC-8AC8-056FCA78C869}"
EndProject
Project("{FAE04EC0-301F-11D3-BF4B-00C04F79EFBC}") = "Persona4GoldenHelper.Tests", "Persona4GoldenHelper.Tests\Persona4GoldenHelper.Tests.csproj", "{C95B63BD-3818-4DAC-96A8-EE401F7F6E2E}"
EndProject
Global
	GlobalSection(SolutionConfigurationPlatforms) = preSolution
		Debug|Any CPU = Debug|Any CPU
		Release|Any CPU = Release|Any CPU
	EndGlobalSection
	GlobalSection(ProjectConfigurationPlatforms) = postSolution
		{D1D45D4D-ED88-41DB-85A4-D091E46900EB}.Debug|Any CPU.ActiveCfg = Debug|Any CPU
		{D1D45D4D-ED88-41DB-85A4-D091E46900EB}.Debug|Any CPU.Build.0 = Debug|Any CPU
		{D1D45D4D-ED88-41DB-85A4-D091E46900EB}.Release|Any CPU.ActiveCfg = Release|Any CPU
		{D1D45D4D-ED88-41DB-85A4-D091E46900EB}.Release|Any CPU.Build.0 = Release|Any CPU
		{02F814CB-CB55-43AF-BC24-1E7F55DE70F2}.Debug|Any CPU.ActiveCfg = Debug|Any CPU
		{02F814CB-CB55-43AF-BC24-1E7F55DE70F2}.Debug|Any CPU.Build.0 = Debug|Any CPU
		{02F814CB-CB55-43AF-BC24-1E7F55DE70F2}.Release|Any CPU.ActiveCfg = Release|Any CPU
		{02F814CB-CB55-43AF-BC24-1E7F55DE70F2}.Release|Any CPU.Build.0 = Release|Any CPU
		{7C2A707C-70A6-47EC-8AC8-056FCA78C869}.Debug|Any CPU.ActiveCfg = Debug|Any CPU
		{7C2A707C-70A6-47EC-8AC8-056FCA78C869}.Debug|Any CPU.Build.0 = Debug|Any CPU
		{7C2A707C-70A6-47EC-8AC8-056FCA78C869}.Release|Any CPU.ActiveCfg = Release|Any CPU
		{7C2A707C-70A6-47EC-8AC8-056FCA78C869}.Release|Any CPU.Build.0 = Release|Any CPU
		{C95B63BD-3818-4DAC-96A8-EE401F7F6E2E}.Debug|Any CPU.ActiveCfg = Debug|Any CPU
		{C95B63BD-3818-4DAC-96A8-EE401F7F6E2E}.Debug|Any CPU.Build.0 = Debug|Any CPU
		{C95B63BD-3818-4DAC-96A8-EE401F7F6E2E}.Release|Any CPU.ActiveCfg = Release|Any CPU
		{C95B63BD-3818-4DAC-96A8-EE401F7F6E2E}.Release|Any CPU.Build.0 = Release|Any CPU
	EndGlobalSection
	GlobalSection(SolutionProperties) = preSolution
		HideSolutionNode = FALSE
	EndGlobalSection
	GlobalSection(ExtensibilityGlobals) = postSolution
		SolutionGuid = {80B1E2DA-B645-4A07-BE67-A0000D3DF888}
	EndGlobalSection
EndGlobal
